// !$*UTF8*$!
{
	archiveVersion = 1;
	classes = {
	};
	objectVersion = 55;
	objects = {

/* Begin PBXBuildFile section */
		171D9E7227213B9B00F187EA /* AppDelegate.swift in Sources */ = {isa = PBXBuildFile; fileRef = 171D9E7127213B9B00F187EA /* AppDelegate.swift */; };
		171D9E7427213B9B00F187EA /* SceneDelegate.swift in Sources */ = {isa = PBXBuildFile; fileRef = 171D9E7327213B9B00F187EA /* SceneDelegate.swift */; };
		171D9E7627213B9B00F187EA /* ViewController.swift in Sources */ = {isa = PBXBuildFile; fileRef = 171D9E7527213B9B00F187EA /* ViewController.swift */; };
		171D9E7927213B9B00F187EA /* Main.storyboard in Resources */ = {isa = PBXBuildFile; fileRef = 171D9E7727213B9B00F187EA /* Main.storyboard */; };
		171D9E7B27213BA500F187EA /* Assets.xcassets in Resources */ = {isa = PBXBuildFile; fileRef = 171D9E7A27213BA500F187EA /* Assets.xcassets */; };
		171D9E7E27213BA500F187EA /* LaunchScreen.storyboard in Resources */ = {isa = PBXBuildFile; fileRef = 171D9E7C27213BA500F187EA /* LaunchScreen.storyboard */; };
		171D9E8627213BDA00F187EA /* Conductor.swift in Sources */ = {isa = PBXBuildFile; fileRef = 171D9E8527213BDA00F187EA /* Conductor.swift */; };
		171D9E892721491D00F187EA /* AudioKit in Frameworks */ = {isa = PBXBuildFile; productRef = 171D9E882721491D00F187EA /* AudioKit */; };
/* End PBXBuildFile section */

/* Begin PBXFileReference section */
		171D9E6E27213B9B00F187EA /* Mic Input.app */ = {isa = PBXFileReference; explicitFileType = wrapper.application; includeInIndex = 0; path = "Mic Input.app"; sourceTree = BUILT_PRODUCTS_DIR; };
		171D9E7127213B9B00F187EA /* AppDelegate.swift */ = {isa = PBXFileReference; lastKnownFileType = sourcecode.swift; path = AppDelegate.swift; sourceTree = "<group>"; };
		171D9E7327213B9B00F187EA /* SceneDelegate.swift */ = {isa = PBXFileReference; lastKnownFileType = sourcecode.swift; path = SceneDelegate.swift; sourceTree = "<group>"; };
		171D9E7527213B9B00F187EA /* ViewController.swift */ = {isa = PBXFileReference; lastKnownFileType = sourcecode.swift; path = ViewController.swift; sourceTree = "<group>"; };
		171D9E7827213B9B00F187EA /* Base */ = {isa = PBXFileReference; lastKnownFileType = file.storyboard; name = Base; path = Base.lproj/Main.storyboard; sourceTree = "<group>"; };
		171D9E7A27213BA500F187EA /* Assets.xcassets */ = {isa = PBXFileReference; lastKnownFileType = folder.assetcatalog; path = Assets.xcassets; sourceTree = "<group>"; };
		171D9E7D27213BA500F187EA /* Base */ = {isa = PBXFileReference; lastKnownFileType = file.storyboard; name = Base; path = Base.lproj/LaunchScreen.storyboard; sourceTree = "<group>"; };
		171D9E7F27213BA500F187EA /* Info.plist */ = {isa = PBXFileReference; lastKnownFileType = text.plist.xml; path = Info.plist; sourceTree = "<group>"; };
		171D9E8527213BDA00F187EA /* Conductor.swift */ = {isa = PBXFileReference; lastKnownFileType = sourcecode.swift; path = Conductor.swift; sourceTree = "<group>"; };
/* End PBXFileReference section */

/* Begin PBXFrameworksBuildPhase section */
		171D9E6B27213B9B00F187EA /* Frameworks */ = {
			isa = PBXFrameworksBuildPhase;
			buildActionMask = 2147483647;
			files = (
				171D9E892721491D00F187EA /* AudioKit in Frameworks */,
			);
			runOnlyForDeploymentPostprocessing = 0;
		};
/* End PBXFrameworksBuildPhase section */

/* Begin PBXGroup section */
		171D9E6527213B9B00F187EA = {
			isa = PBXGroup;
			children = (
				171D9E7027213B9B00F187EA /* Mic Input */,
				171D9E6F27213B9B00F187EA /* Products */,
			);
			sourceTree = "<group>";
		};
		171D9E6F27213B9B00F187EA /* Products */ = {
			isa = PBXGroup;
			children = (
				171D9E6E27213B9B00F187EA /* Mic Input.app */,
			);
			name = Products;
			sourceTree = "<group>";
		};
		171D9E7027213B9B00F187EA /* Mic Input */ = {
			isa = PBXGroup;
			children = (
				171D9E7127213B9B00F187EA /* AppDelegate.swift */,
				171D9E7327213B9B00F187EA /* SceneDelegate.swift */,
				171D9E8527213BDA00F187EA /* Conductor.swift */,
				171D9E7527213B9B00F187EA /* ViewController.swift */,
				171D9E7727213B9B00F187EA /* Main.storyboard */,
				171D9E7A27213BA500F187EA /* Assets.xcassets */,
				171D9E7C27213BA500F187EA /* LaunchScreen.storyboard */,
				171D9E7F27213BA500F187EA /* Info.plist */,
			);
			path = "Mic Input";
			sourceTree = "<group>";
		};
/* End PBXGroup section */

/* Begin PBXNativeTarget section */
		171D9E6D27213B9B00F187EA /* Mic Input */ = {
			isa = PBXNativeTarget;
			buildConfigurationList = 171D9E8227213BA500F187EA /* Build configuration list for PBXNativeTarget "Mic Input" */;
			buildPhases = (
				171D9E6A27213B9B00F187EA /* Sources */,
				171D9E6B27213B9B00F187EA /* Frameworks */,
				171D9E6C27213B9B00F187EA /* Resources */,
			);
			buildRules = (
			);
			dependencies = (
			);
			name = "Mic Input";
			packageProductDependencies = (
				171D9E882721491D00F187EA /* AudioKit */,
			);
			productName = "Mic INput";
			productReference = 171D9E6E27213B9B00F187EA /* Mic Input.app */;
			productType = "com.apple.product-type.application";
		};
/* End PBXNativeTarget section */

/* Begin PBXProject section */
		171D9E6627213B9B00F187EA /* Project object */ = {
			isa = PBXProject;
			attributes = {
				BuildIndependentTargetsInParallel = 1;
				LastSwiftUpdateCheck = 1300;
				LastUpgradeCheck = 1300;
				TargetAttributes = {
					171D9E6D27213B9B00F187EA = {
						CreatedOnToolsVersion = 13.0;
					};
				};
			};
			buildConfigurationList = 171D9E6927213B9B00F187EA /* Build configuration list for PBXProject "Mic Input" */;
			compatibilityVersion = "Xcode 13.0";
			developmentRegion = en;
			hasScannedForEncodings = 0;
			knownRegions = (
				en,
				Base,
			);
			mainGroup = 171D9E6527213B9B00F187EA;
			packageReferences = (
				171D9E872721491D00F187EA /* XCRemoteSwiftPackageReference "AudioKit" */,
			);
			productRefGroup = 171D9E6F27213B9B00F187EA /* Products */;
			projectDirPath = "";
			projectRoot = "";
			targets = (
				171D9E6D27213B9B00F187EA /* Mic Input */,
			);
		};
/* End PBXProject section */

/* Begin PBXResourcesBuildPhase section */
		171D9E6C27213B9B00F187EA /* Resources */ = {
			isa = PBXResourcesBuildPhase;
			buildActionMask = 2147483647;
			files = (
				171D9E7E27213BA500F187EA /* LaunchScreen.storyboard in Resources */,
				171D9E7B27213BA500F187EA /* Assets.xcassets in Resources */,
				171D9E7927213B9B00F187EA /* Main.storyboard in Resources */,
			);
			runOnlyForDeploymentPostprocessing = 0;
		};
/* End PBXResourcesBuildPhase section */

/* Begin PBXSourcesBuildPhase section */
		171D9E6A27213B9B00F187EA /* Sources */ = {
			isa = PBXSourcesBuildPhase;
			buildActionMask = 2147483647;
			files = (
				171D9E7627213B9B00F187EA /* ViewController.swift in Sources */,
				171D9E7227213B9B00F187EA /* AppDelegate.swift in Sources */,
				171D9E7427213B9B00F187EA /* SceneDelegate.swift in Sources */,
				171D9E8627213BDA00F187EA /* Conductor.swift in Sources */,
			);
			runOnlyForDeploymentPostprocessing = 0;
		};
/* End PBXSourcesBuildPhase section */

/* Begin PBXVariantGroup section */
		171D9E7727213B9B00F187EA /* Main.storyboard */ = {
			isa = PBXVariantGroup;
			children = (
				171D9E7827213B9B00F187EA /* Base */,
			);
			name = Main.storyboard;
			sourceTree = "<group>";
		};
		171D9E7C27213BA500F187EA /* LaunchScreen.storyboard */ = {
			isa = PBXVariantGroup;
			children = (
				171D9E7D27213BA500F187EA /* Base */,
			);
			name = LaunchScreen.storyboard;
			sourceTree = "<group>";
		};
/* End PBXVariantGroup section */

/* Begin XCBuildConfiguration section */
		171D9E8027213BA500F187EA /* Debug */ = {
			isa = XCBuildConfiguration;
			buildSettings = {
				ALWAYS_SEARCH_USER_PATHS = NO;
				CLANG_ANALYZER_NONNULL = YES;
				CLANG_ANALYZER_NUMBER_OBJECT_CONVERSION = YES_AGGRESSIVE;
				CLANG_CXX_LANGUAGE_STANDARD = "gnu++17";
				CLANG_CXX_LIBRARY = "libc++";
				CLANG_ENABLE_MODULES = YES;
				CLANG_ENABLE_OBJC_ARC = YES;
				CLANG_ENABLE_OBJC_WEAK = YES;
				CLANG_WARN_BLOCK_CAPTURE_AUTORELEASING = YES;
				CLANG_WARN_BOOL_CONVERSION = YES;
				CLANG_WARN_COMMA = YES;
				CLANG_WARN_CONSTANT_CONVERSION = YES;
				CLANG_WARN_DEPRECATED_OBJC_IMPLEMENTATIONS = YES;
				CLANG_WARN_DIRECT_OBJC_ISA_USAGE = YES_ERROR;
				CLANG_WARN_DOCUMENTATION_COMMENTS = YES;
				CLANG_WARN_EMPTY_BODY = YES;
				CLANG_WARN_ENUM_CONVERSION = YES;
				CLANG_WARN_INFINITE_RECURSION = YES;
				CLANG_WARN_INT_CONVERSION = YES;
				CLANG_WARN_NON_LITERAL_NULL_CONVERSION = YES;
				CLANG_WARN_OBJC_IMPLICIT_RETAIN_SELF = YES;
				CLANG_WARN_OBJC_LITERAL_CONVERSION = YES;
				CLANG_WARN_OBJC_ROOT_CLASS = YES_ERROR;
				CLANG_WARN_QUOTED_INCLUDE_IN_FRAMEWORK_HEADER = YES;
				CLANG_WARN_RANGE_LOOP_ANALYSIS = YES;
				CLANG_WARN_STRICT_PROTOTYPES = YES;
				CLANG_WARN_SUSPICIOUS_MOVE = YES;
				CLANG_WARN_UNGUARDED_AVAILABILITY = YES_AGGRESSIVE;
				CLANG_WARN_UNREACHABLE_CODE = YES;
				CLANG_WARN__DUPLICATE_METHOD_MATCH = YES;
				COPY_PHASE_STRIP = NO;
				DEBUG_INFORMATION_FORMAT = dwarf;
				ENABLE_STRICT_OBJC_MSGSEND = YES;
				ENABLE_TESTABILITY = YES;
				GCC_C_LANGUAGE_STANDARD = gnu11;
				GCC_DYNAMIC_NO_PIC = NO;
				GCC_NO_COMMON_BLOCKS = YES;
				GCC_OPTIMIZATION_LEVEL = 0;
				GCC_PREPROCESSOR_DEFINITIONS = (
					"DEBUG=1",
					"$(inherited)",
				);
				GCC_WARN_64_TO_32_BIT_CONVERSION = YES;
				GCC_WARN_ABOUT_RETURN_TYPE = YES_ERROR;
				GCC_WARN_UNDECLARED_SELECTOR = YES;
				GCC_WARN_UNINITIALIZED_AUTOS = YES_AGGRESSIVE;
				GCC_WARN_UNUSED_FUNCTION = YES;
				GCC_WARN_UNUSED_VARIABLE = YES;
				IPHONEOS_DEPLOYMENT_TARGET = 14.0;
				MTL_ENABLE_DEBUG_INFO = INCLUDE_SOURCE;
				MTL_FAST_MATH = YES;
				ONLY_ACTIVE_ARCH = YES;
				SDKROOT = iphoneos;
				SWIFT_ACTIVE_COMPILATION_CONDITIONS = DEBUG;
				SWIFT_OPTIMIZATION_LEVEL = "-Onone";
			};
			name = Debug;
		};
		171D9E8127213BA500F187EA /* Release */ = {
			isa = XCBuildConfiguration;
			buildSettings = {
				ALWAYS_SEARCH_USER_PATHS = NO;
				CLANG_ANALYZER_NONNULL = YES;
				CLANG_ANALYZER_NUMBER_OBJECT_CONVERSION = YES_AGGRESSIVE;
				CLANG_CXX_LANGUAGE_STANDARD = "gnu++17";
				CLANG_CXX_LIBRARY = "libc++";
				CLANG_ENABLE_MODULES = YES;
				CLANG_ENABLE_OBJC_ARC = YES;
				CLANG_ENABLE_OBJC_WEAK = YES;
				CLANG_WARN_BLOCK_CAPTURE_AUTORELEASING = YES;
				CLANG_WARN_BOOL_CONVERSION = YES;
				CLANG_WARN_COMMA = YES;
				CLANG_WARN_CONSTANT_CONVERSION = YES;
				CLANG_WARN_DEPRECATED_OBJC_IMPLEMENTATIONS = YES;
				CLANG_WARN_DIRECT_OBJC_ISA_USAGE = YES_ERROR;
				CLANG_WARN_DOCUMENTATION_COMMENTS = YES;
				CLANG_WARN_EMPTY_BODY = YES;
				CLANG_WARN_ENUM_CONVERSION = YES;
				CLANG_WARN_INFINITE_RECURSION = YES;
				CLANG_WARN_INT_CONVERSION = YES;
				CLANG_WARN_NON_LITERAL_NULL_CONVERSION = YES;
				CLANG_WARN_OBJC_IMPLICIT_RETAIN_SELF = YES;
				CLANG_WARN_OBJC_LITERAL_CONVERSION = YES;
				CLANG_WARN_OBJC_ROOT_CLASS = YES_ERROR;
				CLANG_WARN_QUOTED_INCLUDE_IN_FRAMEWORK_HEADER = YES;
				CLANG_WARN_RANGE_LOOP_ANALYSIS = YES;
				CLANG_WARN_STRICT_PROTOTYPES = YES;
				CLANG_WARN_SUSPICIOUS_MOVE = YES;
				CLANG_WARN_UNGUARDED_AVAILABILITY = YES_AGGRESSIVE;
				CLANG_WARN_UNREACHABLE_CODE = YES;
				CLANG_WARN__DUPLICATE_METHOD_MATCH = YES;
				COPY_PHASE_STRIP = NO;
				DEBUG_INFORMATION_FORMAT = "dwarf-with-dsym";
				ENABLE_NS_ASSERTIONS = NO;
				ENABLE_STRICT_OBJC_MSGSEND = YES;
				GCC_C_LANGUAGE_STANDARD = gnu11;
				GCC_NO_COMMON_BLOCKS = YES;
				GCC_WARN_64_TO_32_BIT_CONVERSION = YES;
				GCC_WARN_ABOUT_RETURN_TYPE = YES_ERROR;
				GCC_WARN_UNDECLARED_SELECTOR = YES;
				GCC_WARN_UNINITIALIZED_AUTOS = YES_AGGRESSIVE;
				GCC_WARN_UNUSED_FUNCTION = YES;
				GCC_WARN_UNUSED_VARIABLE = YES;
				IPHONEOS_DEPLOYMENT_TARGET = 14.0;
				MTL_ENABLE_DEBUG_INFO = NO;
				MTL_FAST_MATH = YES;
				SDKROOT = iphoneos;
				SWIFT_COMPILATION_MODE = wholemodule;
				SWIFT_OPTIMIZATION_LEVEL = "-O";
				VALIDATE_PRODUCT = YES;
			};
			name = Release;
		};
		171D9E8327213BA500F187EA /* Debug */ = {
			isa = XCBuildConfiguration;
			buildSettings = {
				ASSETCATALOG_COMPILER_APPICON_NAME = AppIcon;
				ASSETCATALOG_COMPILER_GLOBAL_ACCENT_COLOR_NAME = AccentColor;
				CODE_SIGN_STYLE = Automatic;
				CURRENT_PROJECT_VERSION = 1;
				DEVELOPMENT_TEAM = D4Z52CBL7L;
				GENERATE_INFOPLIST_FILE = YES;
				INFOPLIST_FILE = "Mic INput/Info.plist";
				INFOPLIST_KEY_UIApplicationSupportsIndirectInputEvents = YES;
				INFOPLIST_KEY_UILaunchStoryboardName = LaunchScreen;
				INFOPLIST_KEY_UIMainStoryboardFile = Main;
				INFOPLIST_KEY_UISupportedInterfaceOrientations_iPad = "UIInterfaceOrientationPortrait UIInterfaceOrientationPortraitUpsideDown UIInterfaceOrientationLandscapeLeft UIInterfaceOrientationLandscapeRight";
				INFOPLIST_KEY_UISupportedInterfaceOrientations_iPhone = "UIInterfaceOrientationPortrait UIInterfaceOrientationLandscapeLeft UIInterfaceOrientationLandscapeRight";
				LD_RUNPATH_SEARCH_PATHS = (
					"$(inherited)",
					"@executable_path/Frameworks",
				);
				MARKETING_VERSION = 1.0;
				PRODUCT_BUNDLE_IDENTIFIER = "com.oogamediacom.Mic-INput";
				PRODUCT_NAME = "$(TARGET_NAME)";
				SWIFT_EMIT_LOC_STRINGS = YES;
				SWIFT_VERSION = 5.0;
				TARGETED_DEVICE_FAMILY = "1,2";
			};
			name = Debug;
		};
		171D9E8427213BA500F187EA /* Release */ = {
			isa = XCBuildConfiguration;
			buildSettings = {
				ASSETCATALOG_COMPILER_APPICON_NAME = AppIcon;
				ASSETCATALOG_COMPILER_GLOBAL_ACCENT_COLOR_NAME = AccentColor;
				CODE_SIGN_STYLE = Automatic;
				CURRENT_PROJECT_VERSION = 1;
				DEVELOPMENT_TEAM = D4Z52CBL7L;
				GENERATE_INFOPLIST_FILE = YES;
				INFOPLIST_FILE = "Mic INput/Info.plist";
				INFOPLIST_KEY_UIApplicationSupportsIndirectInputEvents = YES;
				INFOPLIST_KEY_UILaunchStoryboardName = LaunchScreen;
				INFOPLIST_KEY_UIMainStoryboardFile = Main;
				INFOPLIST_KEY_UISupportedInterfaceOrientations_iPad = "UIInterfaceOrientationPortrait UIInterfaceOrientationPortraitUpsideDown UIInterfaceOrientationLandscapeLeft UIInterfaceOrientationLandscapeRight";
				INFOPLIST_KEY_UISupportedInterfaceOrientations_iPhone = "UIInterfaceOrientationPortrait UIInterfaceOrientationLandscapeLeft UIInterfaceOrientationLandscapeRight";
				LD_RUNPATH_SEARCH_PATHS = (
					"$(inherited)",
					"@executable_path/Frameworks",
				);
				MARKETING_VERSION = 1.0;
				PRODUCT_BUNDLE_IDENTIFIER = "com.oogamediacom.Mic-INput";
				PRODUCT_NAME = "$(TARGET_NAME)";
				SWIFT_EMIT_LOC_STRINGS = YES;
				SWIFT_VERSION = 5.0;
				TARGETED_DEVICE_FAMILY = "1,2";
			};
			name = Release;
		};
/* End XCBuildConfiguration section */

/* Begin XCConfigurationList section */
		171D9E6927213B9B00F187EA /* Build configuration list for PBXProject "Mic Input" */ = {
			isa = XCConfigurationList;
			buildConfigurations = (
				171D9E8027213BA500F187EA /* Debug */,
				171D9E8127213BA500F187EA /* Release */,
			);
			defaultConfigurationIsVisible = 0;
			defaultConfigurationName = Release;
		};
		171D9E8227213BA500F187EA /* Build configuration list for PBXNativeTarget "Mic Input" */ = {
			isa = XCConfigurationList;
			buildConfigurations = (
				171D9E8327213BA500F187EA /* Debug */,
				171D9E8427213BA500F187EA /* Release */,
			);
			defaultConfigurationIsVisible = 0;
			defaultConfigurationName = Release;
		};
/* End XCConfigurationList section */

/* Begin XCRemoteSwiftPackageReference section */
		171D9E872721491D00F187EA /* XCRemoteSwiftPackageReference "AudioKit" */ = {
			isa = XCRemoteSwiftPackageReference;
			repositoryURL = "https://github.com/AudioKit/AudioKit";
			requirement = {
				kind = upToNextMajorVersion;
				minimumVersion = 5.0.0;
			};
		};
/* End XCRemoteSwiftPackageReference section */

/* Begin XCSwiftPackageProductDependency section */
		171D9E882721491D00F187EA /* AudioKit */ = {
			isa = XCSwiftPackageProductDependency;
			package = 171D9E872721491D00F187EA /* XCRemoteSwiftPackageReference "AudioKit" */;
			productName = AudioKit;
		};
/* End XCSwiftPackageProductDependency section */
	};
	rootObject = 171D9E6627213B9B00F187EA /* Project object */;
}
